
Microsoft Visual Studio Solution File, Format Version 12.00
# Visual Studio 15
VisualStudioVersion = 15.0.34112.143
MinimumVisualStudioVersion = 10.0.40219.1
Project("{FAE04EC0-301F-11D3-BF4B-00C04F79EFBC}") = "3M.Comodato.Front", "3M.Comodato.Front\3M.Comodato.Front.csproj", "{FEB62651-D7A7-475B-90B2-3862F81348E1}"
EndProject
Project("{FAE04EC0-301F-11D3-BF4B-00C04F79EFBC}") = "3M.Comodato.Entity", "3M.Comodato.Entity\3M.Comodato.Entity.csproj", "{3062841C-3FFD-4826-8081-7A2131319F2A}"
EndProject
Project("{FAE04EC0-301F-11D3-BF4B-00C04F79EFBC}") = "3M.Comodato.Data", "3M.Comodato.Data\3M.Comodato.Data.csproj", "{61E69B01-2698-44B6-9032-4DBA345177BA}"
EndProject
Project("{FAE04EC0-301F-11D3-BF4B-00C04F79EFBC}") = "3M.Comodato.Utility", "3M.Comodato.Utility\3M.Comodato.Utility.csproj", "{8C523804-297F-43EB-8722-F372DA8A8FEA}"
EndProject
Project("{FAE04EC0-301F-11D3-BF4B-00C04F79EFBC}") = "3M.Comodato.API", "3M.Comodato.API\3M.Comodato.API.csproj", "{D8DC6B54-81F0-42FF-AD25-CCBDFB1CCF3B}"
EndProject
Project("{2150E333-8FDC-42A3-9474-1A3956D46DE8}") = "ScriptsPlanoZero", "ScriptsPlanoZero", "{744801F8-676E-4E6F-825C-4870B201B31C}"
	ProjectSection(SolutionItems) = preProject
		CURSOR INSERE PLANOZERO CONTROLE.sql = CURSOR INSERE PLANOZERO CONTROLE.sql
	EndProjectSection
EndProject
Global
	GlobalSection(SolutionConfigurationPlatforms) = preSolution
		Debug|Any CPU = Debug|Any CPU
		Release|Any CPU = Release|Any CPU
	EndGlobalSection
	GlobalSection(ProjectConfigurationPlatforms) = postSolution
		{FEB62651-D7A7-475B-90B2-3862F81348E1}.Debug|Any CPU.ActiveCfg = Debug|Any CPU
		{FEB62651-D7A7-475B-90B2-3862F81348E1}.Debug|Any CPU.Build.0 = Debug|Any CPU
		{FEB62651-D7A7-475B-90B2-3862F81348E1}.Release|Any CPU.ActiveCfg = Release|Any CPU
		{FEB62651-D7A7-475B-90B2-3862F81348E1}.Release|Any CPU.Build.0 = Release|Any CPU
		{3062841C-3FFD-4826-8081-7A2131319F2A}.Debug|Any CPU.ActiveCfg = Debug|Any CPU
		{3062841C-3FFD-4826-8081-7A2131319F2A}.Debug|Any CPU.Build.0 = Debug|Any CPU
		{3062841C-3FFD-4826-8081-7A2131319F2A}.Release|Any CPU.ActiveCfg = Release|Any CPU
		{3062841C-3FFD-4826-8081-7A2131319F2A}.Release|Any CPU.Build.0 = Release|Any CPU
		{61E69B01-2698-44B6-9032-4DBA345177BA}.Debug|Any CPU.ActiveCfg = Debug|Any CPU
		{61E69B01-2698-44B6-9032-4DBA345177BA}.Debug|Any CPU.Build.0 = Debug|Any CPU
		{61E69B01-2698-44B6-9032-4DBA345177BA}.Release|Any CPU.ActiveCfg = Release|Any CPU
		{61E69B01-2698-44B6-9032-4DBA345177BA}.Release|Any CPU.Build.0 = Release|Any CPU
		{8C523804-297F-43EB-8722-F372DA8A8FEA}.Debug|Any CPU.ActiveCfg = Debug|Any CPU
		{8C523804-297F-43EB-8722-F372DA8A8FEA}.Debug|Any CPU.Build.0 = Debug|Any CPU
		{8C523804-297F-43EB-8722-F372DA8A8FEA}.Release|Any CPU.ActiveCfg = Release|Any CPU
		{8C523804-297F-43EB-8722-F372DA8A8FEA}.Release|Any CPU.Build.0 = Release|Any CPU
		{D8DC6B54-81F0-42FF-AD25-CCBDFB1CCF3B}.Debug|Any CPU.ActiveCfg = Debug|Any CPU
		{D8DC6B54-81F0-42FF-AD25-CCBDFB1CCF3B}.Debug|Any CPU.Build.0 = Debug|Any CPU
		{D8DC6B54-81F0-42FF-AD25-CCBDFB1CCF3B}.Release|Any CPU.ActiveCfg = Release|Any CPU
		{D8DC6B54-81F0-42FF-AD25-CCBDFB1CCF3B}.Release|Any CPU.Build.0 = Release|Any CPU
	EndGlobalSection
	GlobalSection(SolutionProperties) = preSolution
		HideSolutionNode = FALSE
	EndGlobalSection
	GlobalSection(ExtensibilityGlobals) = postSolution
		SolutionGuid = {33FD9C37-2958-42D3-BCED-71E2AF1A1297}
	EndGlobalSection
EndGlobal
